// !$*UTF8*$!
{
	archiveVersion = 1;
	classes = {
	};
	objectVersion = 46;
	objects = {

/* Begin PBXBuildFile section */
		7F1210781BACC02D00C4F65D /* Geogtq-Lg.otf in Resources */ = {isa = PBXBuildFile; fileRef = 7F1210751BACC02D00C4F65D /* Geogtq-Lg.otf */; };
		7F1210791BACC02D00C4F65D /* Geogtq-Md.otf in Resources */ = {isa = PBXBuildFile; fileRef = 7F1210761BACC02D00C4F65D /* Geogtq-Md.otf */; };
		7F12107A1BACC02D00C4F65D /* Geogtq-Rg.otf in Resources */ = {isa = PBXBuildFile; fileRef = 7F1210771BACC02D00C4F65D /* Geogtq-Rg.otf */; };
		B30A026F1B5EC4BE00E63437 /* MessageLabel.swift in Sources */ = {isa = PBXBuildFile; fileRef = B30A026E1B5EC4BD00E63437 /* MessageLabel.swift */; };
		B30E24911AF83B6C00ED49EB /* ItemsController.swift in Sources */ = {isa = PBXBuildFile; fileRef = B30E24901AF83B6C00ED49EB /* ItemsController.swift */; };
		B30E24951AF96BFA00ED49EB /* MainController.swift in Sources */ = {isa = PBXBuildFile; fileRef = B30E24941AF96BFA00ED49EB /* MainController.swift */; };
		B30E24971AF96C2200ED49EB /* ItemDetailController.swift in Sources */ = {isa = PBXBuildFile; fileRef = B30E24961AF96C2200ED49EB /* ItemDetailController.swift */; };
		B31BC9E21AED04DD00E1F99A /* AddItemController.swift in Sources */ = {isa = PBXBuildFile; fileRef = B31BC9E11AED04DD00E1F99A /* AddItemController.swift */; };
		B333F8831BB0CB21002CCF48 /* ParseCrashReporting.framework in Frameworks */ = {isa = PBXBuildFile; fileRef = B333F8821BB0CB21002CCF48 /* ParseCrashReporting.framework */; };
		B333F8851BB0CC63002CCF48 /* libstdc++.6.dylib in Frameworks */ = {isa = PBXBuildFile; fileRef = B333F8841BB0CC63002CCF48 /* libstdc++.6.dylib */; };
		B33C8F8E1B06869400160D7E /* AddWishListCell.swift in Sources */ = {isa = PBXBuildFile; fileRef = B33C8F8D1B06869400160D7E /* AddWishListCell.swift */; };
		B34150401BBBA00800385915 /* UserEmailController.swift in Sources */ = {isa = PBXBuildFile; fileRef = B341503F1BBBA00800385915 /* UserEmailController.swift */; };
		B34150421BBBA06400385915 /* UserPhoneController.swift in Sources */ = {isa = PBXBuildFile; fileRef = B34150411BBBA06400385915 /* UserPhoneController.swift */; };
		B34150441BBCF1CD00385915 /* MySignupViewController.swift in Sources */ = {isa = PBXBuildFile; fileRef = B34150431BBCF1CD00385915 /* MySignupViewController.swift */; };
		B348CD001AFA929100CFC04E /* MakeOfferController.swift in Sources */ = {isa = PBXBuildFile; fileRef = B348CCFF1AFA929100CFC04E /* MakeOfferController.swift */; };
		B35412E21B53515C007785B3 /* MessagesController.swift in Sources */ = {isa = PBXBuildFile; fileRef = B35412E11B53515C007785B3 /* MessagesController.swift */; };
		B35C66411AE951FC0029055F /* AudioToolbox.framework in Frameworks */ = {isa = PBXBuildFile; fileRef = B35C66361AE951FC0029055F /* AudioToolbox.framework */; };
		B35C66421AE951FC0029055F /* CFNetwork.framework in Frameworks */ = {isa = PBXBuildFile; fileRef = B35C66371AE951FC0029055F /* CFNetwork.framework */; };
		B35C66431AE951FC0029055F /* CoreGraphics.framework in Frameworks */ = {isa = PBXBuildFile; fileRef = B35C66381AE951FC0029055F /* CoreGraphics.framework */; };
		B35C66441AE951FC0029055F /* CoreLocation.framework in Frameworks */ = {isa = PBXBuildFile; fileRef = B35C66391AE951FC0029055F /* CoreLocation.framework */; };
		B35C66451AE951FC0029055F /* libsqlite3.dylib in Frameworks */ = {isa = PBXBuildFile; fileRef = B35C663A1AE951FC0029055F /* libsqlite3.dylib */; };
		B35C66461AE951FC0029055F /* libz.dylib in Frameworks */ = {isa = PBXBuildFile; fileRef = B35C663B1AE951FC0029055F /* libz.dylib */; };
		B35C66471AE951FD0029055F /* MobileCoreServices.framework in Frameworks */ = {isa = PBXBuildFile; fileRef = B35C663C1AE951FC0029055F /* MobileCoreServices.framework */; };
		B35C66481AE951FD0029055F /* QuartzCore.framework in Frameworks */ = {isa = PBXBuildFile; fileRef = B35C663D1AE951FC0029055F /* QuartzCore.framework */; };
		B35C66491AE951FD0029055F /* Security.framework in Frameworks */ = {isa = PBXBuildFile; fileRef = B35C663E1AE951FC0029055F /* Security.framework */; };
		B35C664A1AE951FD0029055F /* StoreKit.framework in Frameworks */ = {isa = PBXBuildFile; fileRef = B35C663F1AE951FC0029055F /* StoreKit.framework */; };
		B35C664B1AE951FD0029055F /* SystemConfiguration.framework in Frameworks */ = {isa = PBXBuildFile; fileRef = B35C66401AE951FC0029055F /* SystemConfiguration.framework */; };
		B374319E1AE861A600A0808B /* AppDelegate.swift in Sources */ = {isa = PBXBuildFile; fileRef = B374319D1AE861A600A0808B /* AppDelegate.swift */; };
		B37431A01AE861A600A0808B /* UserController.swift in Sources */ = {isa = PBXBuildFile; fileRef = B374319F1AE861A600A0808B /* UserController.swift */; };
		B37431A51AE861A600A0808B /* Main.storyboard in Resources */ = {isa = PBXBuildFile; fileRef = B37431A31AE861A600A0808B /* Main.storyboard */; };
		B37431A71AE861A600A0808B /* Images.xcassets in Resources */ = {isa = PBXBuildFile; fileRef = B37431A61AE861A600A0808B /* Images.xcassets */; };
		B37431AA1AE861A600A0808B /* LaunchScreen.xib in Resources */ = {isa = PBXBuildFile; fileRef = B37431A81AE861A600A0808B /* LaunchScreen.xib */; };
		B375F7211BE16F260067E98B /* UserSettingsController.swift in Sources */ = {isa = PBXBuildFile; fileRef = B375F7201BE16F260067E98B /* UserSettingsController.swift */; };
		B37C100B1AE98D7B0086864F /* Social.framework in Frameworks */ = {isa = PBXBuildFile; fileRef = B37C100A1AE98D7B0086864F /* Social.framework */; };
		B37C10231AE993DD0086864F /* FacebookSDK.framework in Frameworks */ = {isa = PBXBuildFile; fileRef = B37C10221AE993DD0086864F /* FacebookSDK.framework */; };
		B37C10291AE9BE280086864F /* WishListController.swift in Sources */ = {isa = PBXBuildFile; fileRef = B37C10281AE9BE280086864F /* WishListController.swift */; };
		B38AF8EB1B3E325000AB19F7 /* QuestionsController.swift in Sources */ = {isa = PBXBuildFile; fileRef = B38AF8EA1B3E325000AB19F7 /* QuestionsController.swift */; };
		B397913C1BD9828B0069DAF4 /* PTSMessagingCell.m in Sources */ = {isa = PBXBuildFile; fileRef = B39791351BD9828B0069DAF4 /* PTSMessagingCell.m */; };
		B397913F1BD9F6060069DAF4 /* Instabug.bundle in Resources */ = {isa = PBXBuildFile; fileRef = B397913D1BD9F6060069DAF4 /* Instabug.bundle */; };
		B39791401BD9F6060069DAF4 /* Instabug.framework in Frameworks */ = {isa = PBXBuildFile; fileRef = B397913E1BD9F6060069DAF4 /* Instabug.framework */; };
		B39791421BD9F6E50069DAF4 /* CoreMotion.framework in Frameworks */ = {isa = PBXBuildFile; fileRef = B39791411BD9F6E50069DAF4 /* CoreMotion.framework */; };
		B39791441BD9F6EE0069DAF4 /* CoreTelephony.framework in Frameworks */ = {isa = PBXBuildFile; fileRef = B39791431BD9F6EE0069DAF4 /* CoreTelephony.framework */; };
		B39791461BD9F6FC0069DAF4 /* Foundation.framework in Frameworks */ = {isa = PBXBuildFile; fileRef = B39791451BD9F6FC0069DAF4 /* Foundation.framework */; };
		B39791481BD9F7040069DAF4 /* GLKit.framework in Frameworks */ = {isa = PBXBuildFile; fileRef = B39791471BD9F7040069DAF4 /* GLKit.framework */; };
		B397914A1BD9F7160069DAF4 /* MessageUI.framework in Frameworks */ = {isa = PBXBuildFile; fileRef = B39791491BD9F7160069DAF4 /* MessageUI.framework */; };
		B397914C1BD9F71E0069DAF4 /* OpenGLES.framework in Frameworks */ = {isa = PBXBuildFile; fileRef = B397914B1BD9F71E0069DAF4 /* OpenGLES.framework */; };
		B397914E1BD9F7340069DAF4 /* UIKit.framework in Frameworks */ = {isa = PBXBuildFile; fileRef = B397914D1BD9F7340069DAF4 /* UIKit.framework */; };
		B39791501BD9F73F0069DAF4 /* libc++.tbd in Frameworks */ = {isa = PBXBuildFile; fileRef = B397914F1BD9F73F0069DAF4 /* libc++.tbd */; };
		B39EC9B11B014B8000FFC89A /* ItemCell.swift in Sources */ = {isa = PBXBuildFile; fileRef = B39EC9B01B014B8000FFC89A /* ItemCell.swift */; };
		B3A2E27D1C61622800F23E23 /* Parse.framework in Frameworks */ = {isa = PBXBuildFile; fileRef = B3A2E27C1C61622800F23E23 /* Parse.framework */; };
		B3A2E27F1C61625000F23E23 /* Bolts.framework in Frameworks */ = {isa = PBXBuildFile; fileRef = B3A2E27E1C61625000F23E23 /* Bolts.framework */; };
		B3A2E2831C6162F000F23E23 /* ParseTwitterUtils.framework in Frameworks */ = {isa = PBXBuildFile; fileRef = B3A2E2821C6162F000F23E23 /* ParseTwitterUtils.framework */; };
		B3A2E2851C61643000F23E23 /* ParseFacebookUtilsV4.framework in Frameworks */ = {isa = PBXBuildFile; fileRef = B3A2E2841C61643000F23E23 /* ParseFacebookUtilsV4.framework */; };
		B3A2E2891C6164A100F23E23 /* FBSDKCoreKit.framework in Frameworks */ = {isa = PBXBuildFile; fileRef = B3A2E2881C6164A100F23E23 /* FBSDKCoreKit.framework */; };
		B3A2E28B1C6164C800F23E23 /* FBSDKLoginKit.framework in Frameworks */ = {isa = PBXBuildFile; fileRef = B3A2E28A1C6164C800F23E23 /* FBSDKLoginKit.framework */; };
		B3B1206A1B96BC420020D13E /* MyLogInViewController.swift in Sources */ = {isa = PBXBuildFile; fileRef = B3B120691B96BC420020D13E /* MyLogInViewController.swift */; };
		B3B994301BD8040000A362ED /* ADVSegmentedControl.swift in Sources */ = {isa = PBXBuildFile; fileRef = B3B9942F1BD8040000A362ED /* ADVSegmentedControl.swift */; };
		B3C763431B0B9BE50040E794 /* MyItemDetailController.swift in Sources */ = {isa = PBXBuildFile; fileRef = B3C763421B0B9BE50040E794 /* MyItemDetailController.swift */; };
		B3CE9D7C1BCF769800A03A20 /* SwiftyJSON.swift in Sources */ = {isa = PBXBuildFile; fileRef = B3CE9D7B1BCF769800A03A20 /* SwiftyJSON.swift */; };
		B3D2AA971BBDBE4C00E00776 /* LMDropdownView.m in Sources */ = {isa = PBXBuildFile; fileRef = B3D2AA931BBDBE4C00E00776 /* LMDropdownView.m */; };
		B3D2AA981BBDBE4C00E00776 /* UIImage+LMExtension.m in Sources */ = {isa = PBXBuildFile; fileRef = B3D2AA961BBDBE4C00E00776 /* UIImage+LMExtension.m */; };
		B3D63C051B03C5C300FDC9EA /* MyItemsController.swift in Sources */ = {isa = PBXBuildFile; fileRef = B3D63C041B03C5C300FDC9EA /* MyItemsController.swift */; };
		B3E4BFFF1BDA973E00800883 /* balloon_read_left.png in Resources */ = {isa = PBXBuildFile; fileRef = B3E4BFF91BDA973E00800883 /* balloon_read_left.png */; };
		B3E4C0001BDA973E00800883 /* balloon_read_right.png in Resources */ = {isa = PBXBuildFile; fileRef = B3E4BFFA1BDA973E00800883 /* balloon_read_right.png */; };
		B3E4C0011BDA973E00800883 /* balloon_selected_left.png in Resources */ = {isa = PBXBuildFile; fileRef = B3E4BFFB1BDA973E00800883 /* balloon_selected_left.png */; };
		B3E4C0021BDA973E00800883 /* balloon_selected_right.png in Resources */ = {isa = PBXBuildFile; fileRef = B3E4BFFC1BDA973E00800883 /* balloon_selected_right.png */; };
		B3E4C0031BDA973E00800883 /* balloon_unread_left.png in Resources */ = {isa = PBXBuildFile; fileRef = B3E4BFFD1BDA973E00800883 /* balloon_unread_left.png */; };
		B3E4C0041BDA973E00800883 /* balloon_unread_right.png in Resources */ = {isa = PBXBuildFile; fileRef = B3E4BFFE1BDA973E00800883 /* balloon_unread_right.png */; };
		B3F014991BCCC51100DD33C7 /* OtherItemsController.swift in Sources */ = {isa = PBXBuildFile; fileRef = B3F014981BCCC51100DD33C7 /* OtherItemsController.swift */; };
		B3F0149B1BCD732B00DD33C7 /* Helper.swift in Sources */ = {isa = PBXBuildFile; fileRef = B3F0149A1BCD732B00DD33C7 /* Helper.swift */; };
		B3F014BB1BCE1FD700DD33C7 /* JTSAnimatedGIFUtility.m in Sources */ = {isa = PBXBuildFile; fileRef = B3F014B01BCE1FD700DD33C7 /* JTSAnimatedGIFUtility.m */; };
		B3F014BC1BCE1FD700DD33C7 /* JTSImageInfo.m in Sources */ = {isa = PBXBuildFile; fileRef = B3F014B21BCE1FD700DD33C7 /* JTSImageInfo.m */; };
		B3F014BD1BCE1FD700DD33C7 /* JTSImageViewController.m in Sources */ = {isa = PBXBuildFile; fileRef = B3F014B41BCE1FD700DD33C7 /* JTSImageViewController.m */; };
		B3F014BE1BCE1FD700DD33C7 /* JTSSimpleImageDownloader.m in Sources */ = {isa = PBXBuildFile; fileRef = B3F014B61BCE1FD700DD33C7 /* JTSSimpleImageDownloader.m */; };
		B3F014BF1BCE1FD700DD33C7 /* UIApplication+JTSImageViewController.m in Sources */ = {isa = PBXBuildFile; fileRef = B3F014B81BCE1FD700DD33C7 /* UIApplication+JTSImageViewController.m */; };
		B3F014C01BCE1FD700DD33C7 /* UIImage+JTSImageEffects.m in Sources */ = {isa = PBXBuildFile; fileRef = B3F014BA1BCE1FD700DD33C7 /* UIImage+JTSImageEffects.m */; };
		B3F215BE1BD95E3600B53F62 /* UserInfoController.swift in Sources */ = {isa = PBXBuildFile; fileRef = B3F215BD1BD95E3600B53F62 /* UserInfoController.swift */; };
		B3FCB87D1B8F734800AD9A1E /* ParseUI.framework in Frameworks */ = {isa = PBXBuildFile; fileRef = B3FCB87C1B8F734800AD9A1E /* ParseUI.framework */; };
/* End PBXBuildFile section */

/* Begin PBXContainerItemProxy section */
		B37431B01AE861A600A0808B /* PBXContainerItemProxy */ = {
			isa = PBXContainerItemProxy;
			containerPortal = B37431901AE861A600A0808B /* Project object */;
			proxyType = 1;
			remoteGlobalIDString = B37431971AE861A600A0808B;
			remoteInfo = ChangeIt;
		};
/* End PBXContainerItemProxy section */

/* Begin PBXFileReference section */
		7F1210751BACC02D00C4F65D /* Geogtq-Lg.otf */ = {isa = PBXFileReference; lastKnownFileType = file; path = "Geogtq-Lg.otf"; sourceTree = "<group>"; };
		7F1210761BACC02D00C4F65D /* Geogtq-Md.otf */ = {isa = PBXFileReference; lastKnownFileType = file; path = "Geogtq-Md.otf"; sourceTree = "<group>"; };
		7F1210771BACC02D00C4F65D /* Geogtq-Rg.otf */ = {isa = PBXFileReference; lastKnownFileType = file; path = "Geogtq-Rg.otf"; sourceTree = "<group>"; };
		B30A026E1B5EC4BD00E63437 /* MessageLabel.swift */ = {isa = PBXFileReference; fileEncoding = 4; lastKnownFileType = sourcecode.swift; path = MessageLabel.swift; sourceTree = "<group>"; };
		B30E24901AF83B6C00ED49EB /* ItemsController.swift */ = {isa = PBXFileReference; fileEncoding = 4; lastKnownFileType = sourcecode.swift; path = ItemsController.swift; sourceTree = "<group>"; };
		B30E24941AF96BFA00ED49EB /* MainController.swift */ = {isa = PBXFileReference; fileEncoding = 4; lastKnownFileType = sourcecode.swift; path = MainController.swift; sourceTree = "<group>"; };
		B30E24961AF96C2200ED49EB /* ItemDetailController.swift */ = {isa = PBXFileReference; fileEncoding = 4; lastKnownFileType = sourcecode.swift; path = ItemDetailController.swift; sourceTree = "<group>"; };
		B31BC9E11AED04DD00E1F99A /* AddItemController.swift */ = {isa = PBXFileReference; fileEncoding = 4; lastKnownFileType = sourcecode.swift; path = AddItemController.swift; sourceTree = "<group>"; };
		B333F8821BB0CB21002CCF48 /* ParseCrashReporting.framework */ = {isa = PBXFileReference; lastKnownFileType = wrapper.framework; path = ParseCrashReporting.framework; sourceTree = "<group>"; };
		B333F8841BB0CC63002CCF48 /* libstdc++.6.dylib */ = {isa = PBXFileReference; lastKnownFileType = "compiled.mach-o.dylib"; name = "libstdc++.6.dylib"; path = "usr/lib/libstdc++.6.dylib"; sourceTree = SDKROOT; };
		B33C8F8D1B06869400160D7E /* AddWishListCell.swift */ = {isa = PBXFileReference; fileEncoding = 4; lastKnownFileType = sourcecode.swift; path = AddWishListCell.swift; sourceTree = "<group>"; };
		B341503F1BBBA00800385915 /* UserEmailController.swift */ = {isa = PBXFileReference; fileEncoding = 4; lastKnownFileType = sourcecode.swift; path = UserEmailController.swift; sourceTree = "<group>"; };
		B34150411BBBA06400385915 /* UserPhoneController.swift */ = {isa = PBXFileReference; fileEncoding = 4; lastKnownFileType = sourcecode.swift; path = UserPhoneController.swift; sourceTree = "<group>"; };
		B34150431BBCF1CD00385915 /* MySignupViewController.swift */ = {isa = PBXFileReference; fileEncoding = 4; lastKnownFileType = sourcecode.swift; path = MySignupViewController.swift; sourceTree = "<group>"; };
		B348CCFF1AFA929100CFC04E /* MakeOfferController.swift */ = {isa = PBXFileReference; fileEncoding = 4; lastKnownFileType = sourcecode.swift; path = MakeOfferController.swift; sourceTree = "<group>"; };
		B35412E11B53515C007785B3 /* MessagesController.swift */ = {isa = PBXFileReference; fileEncoding = 4; lastKnownFileType = sourcecode.swift; path = MessagesController.swift; sourceTree = "<group>"; };
		B35C66361AE951FC0029055F /* AudioToolbox.framework */ = {isa = PBXFileReference; lastKnownFileType = wrapper.framework; name = AudioToolbox.framework; path = System/Library/Frameworks/AudioToolbox.framework; sourceTree = SDKROOT; };
		B35C66371AE951FC0029055F /* CFNetwork.framework */ = {isa = PBXFileReference; lastKnownFileType = wrapper.framework; name = CFNetwork.framework; path = System/Library/Frameworks/CFNetwork.framework; sourceTree = SDKROOT; };
		B35C66381AE951FC0029055F /* CoreGraphics.framework */ = {isa = PBXFileReference; lastKnownFileType = wrapper.framework; name = CoreGraphics.framework; path = System/Library/Frameworks/CoreGraphics.framework; sourceTree = SDKROOT; };
		B35C66391AE951FC0029055F /* CoreLocation.framework */ = {isa = PBXFileReference; lastKnownFileType = wrapper.framework; name = CoreLocation.framework; path = System/Library/Frameworks/CoreLocation.framework; sourceTree = SDKROOT; };
		B35C663A1AE951FC0029055F /* libsqlite3.dylib */ = {isa = PBXFileReference; lastKnownFileType = "compiled.mach-o.dylib"; name = libsqlite3.dylib; path = usr/lib/libsqlite3.dylib; sourceTree = SDKROOT; };
		B35C663B1AE951FC0029055F /* libz.dylib */ = {isa = PBXFileReference; lastKnownFileType = "compiled.mach-o.dylib"; name = libz.dylib; path = usr/lib/libz.dylib; sourceTree = SDKROOT; };
		B35C663C1AE951FC0029055F /* MobileCoreServices.framework */ = {isa = PBXFileReference; lastKnownFileType = wrapper.framework; name = MobileCoreServices.framework; path = System/Library/Frameworks/MobileCoreServices.framework; sourceTree = SDKROOT; };
		B35C663D1AE951FC0029055F /* QuartzCore.framework */ = {isa = PBXFileReference; lastKnownFileType = wrapper.framework; name = QuartzCore.framework; path = System/Library/Frameworks/QuartzCore.framework; sourceTree = SDKROOT; };
		B35C663E1AE951FC0029055F /* Security.framework */ = {isa = PBXFileReference; lastKnownFileType = wrapper.framework; name = Security.framework; path = System/Library/Frameworks/Security.framework; sourceTree = SDKROOT; };
		B35C663F1AE951FC0029055F /* StoreKit.framework */ = {isa = PBXFileReference; lastKnownFileType = wrapper.framework; name = StoreKit.framework; path = System/Library/Frameworks/StoreKit.framework; sourceTree = SDKROOT; };
		B35C66401AE951FC0029055F /* SystemConfiguration.framework */ = {isa = PBXFileReference; lastKnownFileType = wrapper.framework; name = SystemConfiguration.framework; path = System/Library/Frameworks/SystemConfiguration.framework; sourceTree = SDKROOT; };
		B37431981AE861A600A0808B /* Brttr.app */ = {isa = PBXFileReference; explicitFileType = wrapper.application; includeInIndex = 0; path = Brttr.app; sourceTree = BUILT_PRODUCTS_DIR; };
		B374319C1AE861A600A0808B /* Info.plist */ = {isa = PBXFileReference; lastKnownFileType = text.plist.xml; path = Info.plist; sourceTree = "<group>"; };
		B374319D1AE861A600A0808B /* AppDelegate.swift */ = {isa = PBXFileReference; lastKnownFileType = sourcecode.swift; path = AppDelegate.swift; sourceTree = "<group>"; };
		B374319F1AE861A600A0808B /* UserController.swift */ = {isa = PBXFileReference; lastKnownFileType = sourcecode.swift; path = UserController.swift; sourceTree = "<group>"; };
		B37431A41AE861A600A0808B /* Base */ = {isa = PBXFileReference; lastKnownFileType = file.storyboard; name = Base; path = Base.lproj/Main.storyboard; sourceTree = "<group>"; };
		B37431A61AE861A600A0808B /* Images.xcassets */ = {isa = PBXFileReference; lastKnownFileType = folder.assetcatalog; path = Images.xcassets; sourceTree = "<group>"; };
		B37431A91AE861A600A0808B /* Base */ = {isa = PBXFileReference; lastKnownFileType = file.xib; name = Base; path = Base.lproj/LaunchScreen.xib; sourceTree = "<group>"; };
		B37431AF1AE861A600A0808B /* Brttr.xctest */ = {isa = PBXFileReference; explicitFileType = wrapper.cfbundle; includeInIndex = 0; path = Brttr.xctest; sourceTree = BUILT_PRODUCTS_DIR; };
		B375F7201BE16F260067E98B /* UserSettingsController.swift */ = {isa = PBXFileReference; fileEncoding = 4; lastKnownFileType = sourcecode.swift; path = UserSettingsController.swift; sourceTree = "<group>"; };
		B37C100A1AE98D7B0086864F /* Social.framework */ = {isa = PBXFileReference; lastKnownFileType = wrapper.framework; name = Social.framework; path = System/Library/Frameworks/Social.framework; sourceTree = SDKROOT; };
		B37C100E1AE98E360086864F /* ChangeIt-Bridging-Header.h */ = {isa = PBXFileReference; lastKnownFileType = sourcecode.c.h; path = "ChangeIt-Bridging-Header.h"; sourceTree = "<group>"; };
		B37C10221AE993DD0086864F /* FacebookSDK.framework */ = {isa = PBXFileReference; lastKnownFileType = wrapper.framework; path = FacebookSDK.framework; sourceTree = "<group>"; };
		B37C10281AE9BE280086864F /* WishListController.swift */ = {isa = PBXFileReference; fileEncoding = 4; lastKnownFileType = sourcecode.swift; path = WishListController.swift; sourceTree = "<group>"; };
		B38AF8EA1B3E325000AB19F7 /* QuestionsController.swift */ = {isa = PBXFileReference; fileEncoding = 4; lastKnownFileType = sourcecode.swift; path = QuestionsController.swift; sourceTree = "<group>"; };
		B39791341BD9828B0069DAF4 /* PTSMessagingCell.h */ = {isa = PBXFileReference; fileEncoding = 4; lastKnownFileType = sourcecode.c.h; path = PTSMessagingCell.h; sourceTree = "<group>"; };
		B39791351BD9828B0069DAF4 /* PTSMessagingCell.m */ = {isa = PBXFileReference; fileEncoding = 4; lastKnownFileType = sourcecode.c.objc; path = PTSMessagingCell.m; sourceTree = "<group>"; };
		B397913D1BD9F6060069DAF4 /* Instabug.bundle */ = {isa = PBXFileReference; lastKnownFileType = "wrapper.plug-in"; path = Instabug.bundle; sourceTree = "<group>"; };
		B397913E1BD9F6060069DAF4 /* Instabug.framework */ = {isa = PBXFileReference; lastKnownFileType = wrapper.framework; path = Instabug.framework; sourceTree = "<group>"; };
		B39791411BD9F6E50069DAF4 /* CoreMotion.framework */ = {isa = PBXFileReference; lastKnownFileType = wrapper.framework; name = CoreMotion.framework; path = System/Library/Frameworks/CoreMotion.framework; sourceTree = SDKROOT; };
		B39791431BD9F6EE0069DAF4 /* CoreTelephony.framework */ = {isa = PBXFileReference; lastKnownFileType = wrapper.framework; name = CoreTelephony.framework; path = System/Library/Frameworks/CoreTelephony.framework; sourceTree = SDKROOT; };
		B39791451BD9F6FC0069DAF4 /* Foundation.framework */ = {isa = PBXFileReference; lastKnownFileType = wrapper.framework; name = Foundation.framework; path = System/Library/Frameworks/Foundation.framework; sourceTree = SDKROOT; };
		B39791471BD9F7040069DAF4 /* GLKit.framework */ = {isa = PBXFileReference; lastKnownFileType = wrapper.framework; name = GLKit.framework; path = System/Library/Frameworks/GLKit.framework; sourceTree = SDKROOT; };
		B39791491BD9F7160069DAF4 /* MessageUI.framework */ = {isa = PBXFileReference; lastKnownFileType = wrapper.framework; name = MessageUI.framework; path = System/Library/Frameworks/MessageUI.framework; sourceTree = SDKROOT; };
		B397914B1BD9F71E0069DAF4 /* OpenGLES.framework */ = {isa = PBXFileReference; lastKnownFileType = wrapper.framework; name = OpenGLES.framework; path = System/Library/Frameworks/OpenGLES.framework; sourceTree = SDKROOT; };
		B397914D1BD9F7340069DAF4 /* UIKit.framework */ = {isa = PBXFileReference; lastKnownFileType = wrapper.framework; name = UIKit.framework; path = System/Library/Frameworks/UIKit.framework; sourceTree = SDKROOT; };
		B397914F1BD9F73F0069DAF4 /* libc++.tbd */ = {isa = PBXFileReference; lastKnownFileType = "sourcecode.text-based-dylib-definition"; name = "libc++.tbd"; path = "usr/lib/libc++.tbd"; sourceTree = SDKROOT; };
		B39EC9B01B014B8000FFC89A /* ItemCell.swift */ = {isa = PBXFileReference; fileEncoding = 4; lastKnownFileType = sourcecode.swift; path = ItemCell.swift; sourceTree = "<group>"; };
		B3A2E27C1C61622800F23E23 /* Parse.framework */ = {isa = PBXFileReference; lastKnownFileType = wrapper.framework; path = Parse.framework; sourceTree = "<group>"; };
		B3A2E27E1C61625000F23E23 /* Bolts.framework */ = {isa = PBXFileReference; lastKnownFileType = wrapper.framework; path = Bolts.framework; sourceTree = "<group>"; };
		B3A2E2821C6162F000F23E23 /* ParseTwitterUtils.framework */ = {isa = PBXFileReference; lastKnownFileType = wrapper.framework; path = ParseTwitterUtils.framework; sourceTree = "<group>"; };
		B3A2E2841C61643000F23E23 /* ParseFacebookUtilsV4.framework */ = {isa = PBXFileReference; lastKnownFileType = wrapper.framework; path = ParseFacebookUtilsV4.framework; sourceTree = "<group>"; };
		B3A2E2881C6164A100F23E23 /* FBSDKCoreKit.framework */ = {isa = PBXFileReference; lastKnownFileType = wrapper.framework; path = FBSDKCoreKit.framework; sourceTree = "<group>"; };
		B3A2E28A1C6164C800F23E23 /* FBSDKLoginKit.framework */ = {isa = PBXFileReference; lastKnownFileType = wrapper.framework; path = FBSDKLoginKit.framework; sourceTree = "<group>"; };
		B3B120691B96BC420020D13E /* MyLogInViewController.swift */ = {isa = PBXFileReference; fileEncoding = 4; lastKnownFileType = sourcecode.swift; path = MyLogInViewController.swift; sourceTree = "<group>"; };
		B3B9942F1BD8040000A362ED /* ADVSegmentedControl.swift */ = {isa = PBXFileReference; fileEncoding = 4; lastKnownFileType = sourcecode.swift; path = ADVSegmentedControl.swift; sourceTree = "<group>"; };
		B3C763421B0B9BE50040E794 /* MyItemDetailController.swift */ = {isa = PBXFileReference; fileEncoding = 4; lastKnownFileType = sourcecode.swift; path = MyItemDetailController.swift; sourceTree = "<group>"; };
		B3CE9D7B1BCF769800A03A20 /* SwiftyJSON.swift */ = {isa = PBXFileReference; fileEncoding = 4; lastKnownFileType = sourcecode.swift; path = SwiftyJSON.swift; sourceTree = "<group>"; };
		B3D2AA921BBDBE4C00E00776 /* LMDropdownView.h */ = {isa = PBXFileReference; fileEncoding = 4; lastKnownFileType = sourcecode.c.h; path = LMDropdownView.h; sourceTree = "<group>"; };
		B3D2AA931BBDBE4C00E00776 /* LMDropdownView.m */ = {isa = PBXFileReference; fileEncoding = 4; lastKnownFileType = sourcecode.c.objc; path = LMDropdownView.m; sourceTree = "<group>"; };
		B3D2AA951BBDBE4C00E00776 /* UIImage+LMExtension.h */ = {isa = PBXFileReference; fileEncoding = 4; lastKnownFileType = sourcecode.c.h; path = "UIImage+LMExtension.h"; sourceTree = "<group>"; };
		B3D2AA961BBDBE4C00E00776 /* UIImage+LMExtension.m */ = {isa = PBXFileReference; fileEncoding = 4; lastKnownFileType = sourcecode.c.objc; path = "UIImage+LMExtension.m"; sourceTree = "<group>"; };
		B3D63C041B03C5C300FDC9EA /* MyItemsController.swift */ = {isa = PBXFileReference; fileEncoding = 4; lastKnownFileType = sourcecode.swift; path = MyItemsController.swift; sourceTree = "<group>"; };
		B3E4BFF91BDA973E00800883 /* balloon_read_left.png */ = {isa = PBXFileReference; lastKnownFileType = image.png; path = balloon_read_left.png; sourceTree = "<group>"; };
		B3E4BFFA1BDA973E00800883 /* balloon_read_right.png */ = {isa = PBXFileReference; lastKnownFileType = image.png; path = balloon_read_right.png; sourceTree = "<group>"; };
		B3E4BFFB1BDA973E00800883 /* balloon_selected_left.png */ = {isa = PBXFileReference; lastKnownFileType = image.png; path = balloon_selected_left.png; sourceTree = "<group>"; };
		B3E4BFFC1BDA973E00800883 /* balloon_selected_right.png */ = {isa = PBXFileReference; lastKnownFileType = image.png; path = balloon_selected_right.png; sourceTree = "<group>"; };
		B3E4BFFD1BDA973E00800883 /* balloon_unread_left.png */ = {isa = PBXFileReference; lastKnownFileType = image.png; path = balloon_unread_left.png; sourceTree = "<group>"; };
		B3E4BFFE1BDA973E00800883 /* balloon_unread_right.png */ = {isa = PBXFileReference; lastKnownFileType = image.png; path = balloon_unread_right.png; sourceTree = "<group>"; };
		B3F014981BCCC51100DD33C7 /* OtherItemsController.swift */ = {isa = PBXFileReference; fileEncoding = 4; lastKnownFileType = sourcecode.swift; path = OtherItemsController.swift; sourceTree = "<group>"; };
		B3F0149A1BCD732B00DD33C7 /* Helper.swift */ = {isa = PBXFileReference; fileEncoding = 4; lastKnownFileType = sourcecode.swift; path = Helper.swift; sourceTree = "<group>"; };
		B3F014AF1BCE1FD700DD33C7 /* JTSAnimatedGIFUtility.h */ = {isa = PBXFileReference; fileEncoding = 4; lastKnownFileType = sourcecode.c.h; name = JTSAnimatedGIFUtility.h; path = JTSImageVC/JTSAnimatedGIFUtility.h; sourceTree = "<group>"; };
		B3F014B01BCE1FD700DD33C7 /* JTSAnimatedGIFUtility.m */ = {isa = PBXFileReference; fileEncoding = 4; lastKnownFileType = sourcecode.c.objc; name = JTSAnimatedGIFUtility.m; path = JTSImageVC/JTSAnimatedGIFUtility.m; sourceTree = "<group>"; };
		B3F014B11BCE1FD700DD33C7 /* JTSImageInfo.h */ = {isa = PBXFileReference; fileEncoding = 4; lastKnownFileType = sourcecode.c.h; name = JTSImageInfo.h; path = JTSImageVC/JTSImageInfo.h; sourceTree = "<group>"; };
		B3F014B21BCE1FD700DD33C7 /* JTSImageInfo.m */ = {isa = PBXFileReference; fileEncoding = 4; lastKnownFileType = sourcecode.c.objc; name = JTSImageInfo.m; path = JTSImageVC/JTSImageInfo.m; sourceTree = "<group>"; };
		B3F014B31BCE1FD700DD33C7 /* JTSImageViewController.h */ = {isa = PBXFileReference; fileEncoding = 4; lastKnownFileType = sourcecode.c.h; name = JTSImageViewController.h; path = JTSImageVC/JTSImageViewController.h; sourceTree = "<group>"; };
		B3F014B41BCE1FD700DD33C7 /* JTSImageViewController.m */ = {isa = PBXFileReference; fileEncoding = 4; lastKnownFileType = sourcecode.c.objc; name = JTSImageViewController.m; path = JTSImageVC/JTSImageViewController.m; sourceTree = "<group>"; };
		B3F014B51BCE1FD700DD33C7 /* JTSSimpleImageDownloader.h */ = {isa = PBXFileReference; fileEncoding = 4; lastKnownFileType = sourcecode.c.h; name = JTSSimpleImageDownloader.h; path = JTSImageVC/JTSSimpleImageDownloader.h; sourceTree = "<group>"; };
		B3F014B61BCE1FD700DD33C7 /* JTSSimpleImageDownloader.m */ = {isa = PBXFileReference; fileEncoding = 4; lastKnownFileType = sourcecode.c.objc; name = JTSSimpleImageDownloader.m; path = JTSImageVC/JTSSimpleImageDownloader.m; sourceTree = "<group>"; };
		B3F014B71BCE1FD700DD33C7 /* UIApplication+JTSImageViewController.h */ = {isa = PBXFileReference; fileEncoding = 4; lastKnownFileType = sourcecode.c.h; name = "UIApplication+JTSImageViewController.h"; path = "JTSImageVC/UIApplication+JTSImageViewController.h"; sourceTree = "<group>"; };
		B3F014B81BCE1FD700DD33C7 /* UIApplication+JTSImageViewController.m */ = {isa = PBXFileReference; fileEncoding = 4; lastKnownFileType = sourcecode.c.objc; name = "UIApplication+JTSImageViewController.m"; path = "JTSImageVC/UIApplication+JTSImageViewController.m"; sourceTree = "<group>"; };
		B3F014B91BCE1FD700DD33C7 /* UIImage+JTSImageEffects.h */ = {isa = PBXFileReference; fileEncoding = 4; lastKnownFileType = sourcecode.c.h; name = "UIImage+JTSImageEffects.h"; path = "JTSImageVC/UIImage+JTSImageEffects.h"; sourceTree = "<group>"; };
		B3F014BA1BCE1FD700DD33C7 /* UIImage+JTSImageEffects.m */ = {isa = PBXFileReference; fileEncoding = 4; lastKnownFileType = sourcecode.c.objc; name = "UIImage+JTSImageEffects.m"; path = "JTSImageVC/UIImage+JTSImageEffects.m"; sourceTree = "<group>"; };
		B3F215BD1BD95E3600B53F62 /* UserInfoController.swift */ = {isa = PBXFileReference; fileEncoding = 4; lastKnownFileType = sourcecode.swift; path = UserInfoController.swift; sourceTree = "<group>"; };
		B3FCB87C1B8F734800AD9A1E /* ParseUI.framework */ = {isa = PBXFileReference; lastKnownFileType = wrapper.framework; path = ParseUI.framework; sourceTree = "<group>"; };
/* End PBXFileReference section */

/* Begin PBXFrameworksBuildPhase section */
		B37431951AE861A600A0808B /* Frameworks */ = {
			isa = PBXFrameworksBuildPhase;
			buildActionMask = 2147483647;
			files = (
				B39791501BD9F73F0069DAF4 /* libc++.tbd in Frameworks */,
				B3A2E2891C6164A100F23E23 /* FBSDKCoreKit.framework in Frameworks */,
				B397914E1BD9F7340069DAF4 /* UIKit.framework in Frameworks */,
				B35C66481AE951FD0029055F /* QuartzCore.framework in Frameworks */,
				B397914C1BD9F71E0069DAF4 /* OpenGLES.framework in Frameworks */,
				B397914A1BD9F7160069DAF4 /* MessageUI.framework in Frameworks */,
				B39791481BD9F7040069DAF4 /* GLKit.framework in Frameworks */,
				B39791461BD9F6FC0069DAF4 /* Foundation.framework in Frameworks */,
				B39791441BD9F6EE0069DAF4 /* CoreTelephony.framework in Frameworks */,
				B39791421BD9F6E50069DAF4 /* CoreMotion.framework in Frameworks */,
				B35C66431AE951FC0029055F /* CoreGraphics.framework in Frameworks */,
				B3A2E27D1C61622800F23E23 /* Parse.framework in Frameworks */,
				B35C66411AE951FC0029055F /* AudioToolbox.framework in Frameworks */,
				B333F8851BB0CC63002CCF48 /* libstdc++.6.dylib in Frameworks */,
				B37C100B1AE98D7B0086864F /* Social.framework in Frameworks */,
				B3A2E2851C61643000F23E23 /* ParseFacebookUtilsV4.framework in Frameworks */,
				B3A2E2831C6162F000F23E23 /* ParseTwitterUtils.framework in Frameworks */,
				B333F8831BB0CB21002CCF48 /* ParseCrashReporting.framework in Frameworks */,
				B39791401BD9F6060069DAF4 /* Instabug.framework in Frameworks */,
				B35C66421AE951FC0029055F /* CFNetwork.framework in Frameworks */,
				B35C66441AE951FC0029055F /* CoreLocation.framework in Frameworks */,
				B35C66451AE951FC0029055F /* libsqlite3.dylib in Frameworks */,
				B35C66461AE951FC0029055F /* libz.dylib in Frameworks */,
				B3FCB87D1B8F734800AD9A1E /* ParseUI.framework in Frameworks */,
				B35C66471AE951FD0029055F /* MobileCoreServices.framework in Frameworks */,
				B37C10231AE993DD0086864F /* FacebookSDK.framework in Frameworks */,
				B35C66491AE951FD0029055F /* Security.framework in Frameworks */,
				B35C664A1AE951FD0029055F /* StoreKit.framework in Frameworks */,
				B35C664B1AE951FD0029055F /* SystemConfiguration.framework in Frameworks */,
				B3A2E28B1C6164C800F23E23 /* FBSDKLoginKit.framework in Frameworks */,
				B3A2E27F1C61625000F23E23 /* Bolts.framework in Frameworks */,
			);
			runOnlyForDeploymentPostprocessing = 0;
		};
		B37431AC1AE861A600A0808B /* Frameworks */ = {
			isa = PBXFrameworksBuildPhase;
			buildActionMask = 2147483647;
			files = (
			);
			runOnlyForDeploymentPostprocessing = 0;
		};
/* End PBXFrameworksBuildPhase section */

/* Begin PBXGroup section */
		B374318F1AE861A600A0808B = {
			isa = PBXGroup;
			children = (
				B397912D1BD9828B0069DAF4 /* PTSMessagingCell */,
				B3F0149C1BCE1E6800DD33C7 /* JTSImageVC */,
				B37C101B1AE990EA0086864F /* Frameworks */,
				B3D2AA911BBDBE4C00E00776 /* LMDropdownView */,
				B374319A1AE861A600A0808B /* ChangeIt */,
				B37431991AE861A600A0808B /* Products */,
				B37C100E1AE98E360086864F /* ChangeIt-Bridging-Header.h */,
			);
			sourceTree = "<group>";
		};
		B37431991AE861A600A0808B /* Products */ = {
			isa = PBXGroup;
			children = (
				B37431981AE861A600A0808B /* Brttr.app */,
				B37431AF1AE861A600A0808B /* Brttr.xctest */,
			);
			name = Products;
			sourceTree = "<group>";
		};
		B374319A1AE861A600A0808B /* ChangeIt */ = {
			isa = PBXGroup;
			children = (
				B3B9942F1BD8040000A362ED /* ADVSegmentedControl.swift */,
				B3B120691B96BC420020D13E /* MyLogInViewController.swift */,
				B34150431BBCF1CD00385915 /* MySignupViewController.swift */,
				B30E24941AF96BFA00ED49EB /* MainController.swift */,
				B33C8F8D1B06869400160D7E /* AddWishListCell.swift */,
				B37C10281AE9BE280086864F /* WishListController.swift */,
				B374319D1AE861A600A0808B /* AppDelegate.swift */,
				B37431A31AE861A600A0808B /* Main.storyboard */,
				B3D63C041B03C5C300FDC9EA /* MyItemsController.swift */,
				B3C763421B0B9BE50040E794 /* MyItemDetailController.swift */,
				7F1210751BACC02D00C4F65D /* Geogtq-Lg.otf */,
				7F1210761BACC02D00C4F65D /* Geogtq-Md.otf */,
				B3CE9D7B1BCF769800A03A20 /* SwiftyJSON.swift */,
				7F1210771BACC02D00C4F65D /* Geogtq-Rg.otf */,
				B348CCFF1AFA929100CFC04E /* MakeOfferController.swift */,
				B31BC9E11AED04DD00E1F99A /* AddItemController.swift */,
				B374319F1AE861A600A0808B /* UserController.swift */,
				B34150411BBBA06400385915 /* UserPhoneController.swift */,
				B341503F1BBBA00800385915 /* UserEmailController.swift */,
				B375F7201BE16F260067E98B /* UserSettingsController.swift */,
				B3F215BD1BD95E3600B53F62 /* UserInfoController.swift */,
				B3F014981BCCC51100DD33C7 /* OtherItemsController.swift */,
				B30E24901AF83B6C00ED49EB /* ItemsController.swift */,
				B39EC9B01B014B8000FFC89A /* ItemCell.swift */,
				B30E24961AF96C2200ED49EB /* ItemDetailController.swift */,
				B35412E11B53515C007785B3 /* MessagesController.swift */,
				B30A026E1B5EC4BD00E63437 /* MessageLabel.swift */,
				B38AF8EA1B3E325000AB19F7 /* QuestionsController.swift */,
				B3F0149A1BCD732B00DD33C7 /* Helper.swift */,
				B37431A61AE861A600A0808B /* Images.xcassets */,
				B37431A81AE861A600A0808B /* LaunchScreen.xib */,
				B374319B1AE861A600A0808B /* Supporting Files */,
			);
			path = ChangeIt;
			sourceTree = "<group>";
		};
		B374319B1AE861A600A0808B /* Supporting Files */ = {
			isa = PBXGroup;
			children = (
				B374319C1AE861A600A0808B /* Info.plist */,
			);
			name = "Supporting Files";
			sourceTree = "<group>";
		};
		B37C101B1AE990EA0086864F /* Frameworks */ = {
			isa = PBXGroup;
			children = (
				B3A2E28A1C6164C800F23E23 /* FBSDKLoginKit.framework */,
				B3A2E2881C6164A100F23E23 /* FBSDKCoreKit.framework */,
				B3A2E2841C61643000F23E23 /* ParseFacebookUtilsV4.framework */,
				B3A2E2821C6162F000F23E23 /* ParseTwitterUtils.framework */,
				B3A2E27E1C61625000F23E23 /* Bolts.framework */,
				B3A2E27C1C61622800F23E23 /* Parse.framework */,
				B397914F1BD9F73F0069DAF4 /* libc++.tbd */,
				B397914D1BD9F7340069DAF4 /* UIKit.framework */,
				B397914B1BD9F71E0069DAF4 /* OpenGLES.framework */,
				B39791491BD9F7160069DAF4 /* MessageUI.framework */,
				B39791471BD9F7040069DAF4 /* GLKit.framework */,
				B39791451BD9F6FC0069DAF4 /* Foundation.framework */,
				B39791431BD9F6EE0069DAF4 /* CoreTelephony.framework */,
				B39791411BD9F6E50069DAF4 /* CoreMotion.framework */,
				B397913D1BD9F6060069DAF4 /* Instabug.bundle */,
				B397913E1BD9F6060069DAF4 /* Instabug.framework */,
				B333F8841BB0CC63002CCF48 /* libstdc++.6.dylib */,
				B333F8821BB0CB21002CCF48 /* ParseCrashReporting.framework */,
				B3FCB87C1B8F734800AD9A1E /* ParseUI.framework */,
				B37C10221AE993DD0086864F /* FacebookSDK.framework */,
				B37C100A1AE98D7B0086864F /* Social.framework */,
				B35C66361AE951FC0029055F /* AudioToolbox.framework */,
				B35C66371AE951FC0029055F /* CFNetwork.framework */,
				B35C66381AE951FC0029055F /* CoreGraphics.framework */,
				B35C66391AE951FC0029055F /* CoreLocation.framework */,
				B35C663A1AE951FC0029055F /* libsqlite3.dylib */,
				B35C663B1AE951FC0029055F /* libz.dylib */,
				B35C663C1AE951FC0029055F /* MobileCoreServices.framework */,
				B35C663D1AE951FC0029055F /* QuartzCore.framework */,
				B35C663E1AE951FC0029055F /* Security.framework */,
				B35C663F1AE951FC0029055F /* StoreKit.framework */,
				B35C66401AE951FC0029055F /* SystemConfiguration.framework */,
			);
			name = Frameworks;
			sourceTree = "<group>";
		};
		B397912D1BD9828B0069DAF4 /* PTSMessagingCell */ = {
			isa = PBXGroup;
			children = (
				B3E4BFF91BDA973E00800883 /* balloon_read_left.png */,
				B3E4BFFA1BDA973E00800883 /* balloon_read_right.png */,
				B3E4BFFB1BDA973E00800883 /* balloon_selected_left.png */,
				B3E4BFFC1BDA973E00800883 /* balloon_selected_right.png */,
				B3E4BFFD1BDA973E00800883 /* balloon_unread_left.png */,
				B3E4BFFE1BDA973E00800883 /* balloon_unread_right.png */,
				B39791341BD9828B0069DAF4 /* PTSMessagingCell.h */,
				B39791351BD9828B0069DAF4 /* PTSMessagingCell.m */,
			);
			path = PTSMessagingCell;
			sourceTree = "<group>";
		};
		B3D2AA911BBDBE4C00E00776 /* LMDropdownView */ = {
			isa = PBXGroup;
			children = (
				B3D2AA921BBDBE4C00E00776 /* LMDropdownView.h */,
				B3D2AA931BBDBE4C00E00776 /* LMDropdownView.m */,
				B3D2AA941BBDBE4C00E00776 /* Vender */,
			);
			path = LMDropdownView;
			sourceTree = "<group>";
		};
		B3D2AA941BBDBE4C00E00776 /* Vender */ = {
			isa = PBXGroup;
			children = (
				B3D2AA951BBDBE4C00E00776 /* UIImage+LMExtension.h */,
				B3D2AA961BBDBE4C00E00776 /* UIImage+LMExtension.m */,
			);
			path = Vender;
			sourceTree = "<group>";
		};
		B3F0149C1BCE1E6800DD33C7 /* JTSImageVC */ = {
			isa = PBXGroup;
			children = (
				B3F014AF1BCE1FD700DD33C7 /* JTSAnimatedGIFUtility.h */,
				B3F014B01BCE1FD700DD33C7 /* JTSAnimatedGIFUtility.m */,
				B3F014B11BCE1FD700DD33C7 /* JTSImageInfo.h */,
				B3F014B21BCE1FD700DD33C7 /* JTSImageInfo.m */,
				B3F014B31BCE1FD700DD33C7 /* JTSImageViewController.h */,
				B3F014B41BCE1FD700DD33C7 /* JTSImageViewController.m */,
				B3F014B51BCE1FD700DD33C7 /* JTSSimpleImageDownloader.h */,
				B3F014B61BCE1FD700DD33C7 /* JTSSimpleImageDownloader.m */,
				B3F014B71BCE1FD700DD33C7 /* UIApplication+JTSImageViewController.h */,
				B3F014B81BCE1FD700DD33C7 /* UIApplication+JTSImageViewController.m */,
				B3F014B91BCE1FD700DD33C7 /* UIImage+JTSImageEffects.h */,
				B3F014BA1BCE1FD700DD33C7 /* UIImage+JTSImageEffects.m */,
			);
			name = JTSImageVC;
			sourceTree = "<group>";
		};
/* End PBXGroup section */

/* Begin PBXNativeTarget section */
		B37431971AE861A600A0808B /* Brttr */ = {
			isa = PBXNativeTarget;
			buildConfigurationList = B37431B91AE861A600A0808B /* Build configuration list for PBXNativeTarget "Brttr" */;
			buildPhases = (
				B37431941AE861A600A0808B /* Sources */,
				B37431951AE861A600A0808B /* Frameworks */,
				B37431961AE861A600A0808B /* Resources */,
				B333F8861BB1203A002CCF48 /* ShellScript */,
			);
			buildRules = (
			);
			dependencies = (
			);
			name = Brttr;
			productName = ChangeIt;
			productReference = B37431981AE861A600A0808B /* Brttr.app */;
			productType = "com.apple.product-type.application";
		};
		B37431AE1AE861A600A0808B /* BrttrTests */ = {
			isa = PBXNativeTarget;
			buildConfigurationList = B37431BC1AE861A600A0808B /* Build configuration list for PBXNativeTarget "BrttrTests" */;
			buildPhases = (
				B37431AB1AE861A600A0808B /* Sources */,
				B37431AC1AE861A600A0808B /* Frameworks */,
				B37431AD1AE861A600A0808B /* Resources */,
			);
			buildRules = (
			);
			dependencies = (
				B37431B11AE861A600A0808B /* PBXTargetDependency */,
			);
			name = BrttrTests;
			productName = ChangeItTests;
			productReference = B37431AF1AE861A600A0808B /* Brttr.xctest */;
			productType = "com.apple.product-type.bundle.unit-test";
		};
/* End PBXNativeTarget section */

/* Begin PBXProject section */
		B37431901AE861A600A0808B /* Project object */ = {
			isa = PBXProject;
			attributes = {
				LastSwiftMigration = 0700;
				LastSwiftUpdateCheck = 0700;
				LastUpgradeCheck = 0630;
				ORGANIZATIONNAME = i818292;
				TargetAttributes = {
					B37431971AE861A600A0808B = {
						CreatedOnToolsVersion = 6.3;
						DevelopmentTeam = 2HQJC64KR8;
						SystemCapabilities = {
							com.apple.BackgroundModes = {
								enabled = 1;
							};
							com.apple.Maps.iOS = {
								enabled = 0;
							};
							com.apple.Push = {
								enabled = 1;
							};
						};
					};
					B37431AE1AE861A600A0808B = {
						CreatedOnToolsVersion = 6.3;
						TestTargetID = B37431971AE861A600A0808B;
					};
				};
			};
			buildConfigurationList = B37431931AE861A600A0808B /* Build configuration list for PBXProject "Brttr" */;
			compatibilityVersion = "Xcode 3.2";
			developmentRegion = English;
			hasScannedForEncodings = 0;
			knownRegions = (
				en,
				Base,
			);
			mainGroup = B374318F1AE861A600A0808B;
			productRefGroup = B37431991AE861A600A0808B /* Products */;
			projectDirPath = "";
			projectRoot = "";
			targets = (
				B37431971AE861A600A0808B /* Brttr */,
				B37431AE1AE861A600A0808B /* BrttrTests */,
			);
		};
/* End PBXProject section */

/* Begin PBXResourcesBuildPhase section */
		B37431961AE861A600A0808B /* Resources */ = {
			isa = PBXResourcesBuildPhase;
			buildActionMask = 2147483647;
			files = (
				B37431A51AE861A600A0808B /* Main.storyboard in Resources */,
				B3E4C0011BDA973E00800883 /* balloon_selected_left.png in Resources */,
				7F1210791BACC02D00C4F65D /* Geogtq-Md.otf in Resources */,
				B3E4C0021BDA973E00800883 /* balloon_selected_right.png in Resources */,
				B3E4C0041BDA973E00800883 /* balloon_unread_right.png in Resources */,
				B37431AA1AE861A600A0808B /* LaunchScreen.xib in Resources */,
				B3E4C0001BDA973E00800883 /* balloon_read_right.png in Resources */,
				B37431A71AE861A600A0808B /* Images.xcassets in Resources */,
				B3E4BFFF1BDA973E00800883 /* balloon_read_left.png in Resources */,
				7F1210781BACC02D00C4F65D /* Geogtq-Lg.otf in Resources */,
				B3E4C0031BDA973E00800883 /* balloon_unread_left.png in Resources */,
				B397913F1BD9F6060069DAF4 /* Instabug.bundle in Resources */,
				7F12107A1BACC02D00C4F65D /* Geogtq-Rg.otf in Resources */,
			);
			runOnlyForDeploymentPostprocessing = 0;
		};
		B37431AD1AE861A600A0808B /* Resources */ = {
			isa = PBXResourcesBuildPhase;
			buildActionMask = 2147483647;
			files = (
			);
			runOnlyForDeploymentPostprocessing = 0;
		};
/* End PBXResourcesBuildPhase section */

/* Begin PBXShellScriptBuildPhase section */
		B333F8861BB1203A002CCF48 /* ShellScript */ = {
			isa = PBXShellScriptBuildPhase;
			buildActionMask = 8;
			files = (
			);
			inputPaths = (
			);
			outputPaths = (
			);
			runOnlyForDeploymentPostprocessing = 1;
			shellPath = /bin/sh;
			shellScript = "export PATH=/usr/local/bin:$PATH\ncd ParseCrash\n\nparse symbols \"Change It\" --path=\"${DWARF_DSYM_FOLDER_PATH}/${DWARF_DSYM_FILE_NAME}\"\n";
		};
/* End PBXShellScriptBuildPhase section */

/* Begin PBXSourcesBuildPhase section */
		B37431941AE861A600A0808B /* Sources */ = {
			isa = PBXSourcesBuildPhase;
			buildActionMask = 2147483647;
			files = (
				B33C8F8E1B06869400160D7E /* AddWishListCell.swift in Sources */,
				B348CD001AFA929100CFC04E /* MakeOfferController.swift in Sources */,
				B3F014BE1BCE1FD700DD33C7 /* JTSSimpleImageDownloader.m in Sources */,
				B35412E21B53515C007785B3 /* MessagesController.swift in Sources */,
				B3D63C051B03C5C300FDC9EA /* MyItemsController.swift in Sources */,
				B31BC9E21AED04DD00E1F99A /* AddItemController.swift in Sources */,
				B3F014991BCCC51100DD33C7 /* OtherItemsController.swift in Sources */,
				B3F014C01BCE1FD700DD33C7 /* UIImage+JTSImageEffects.m in Sources */,
				B3F014BC1BCE1FD700DD33C7 /* JTSImageInfo.m in Sources */,
				B39EC9B11B014B8000FFC89A /* ItemCell.swift in Sources */,
				B3F014BD1BCE1FD700DD33C7 /* JTSImageViewController.m in Sources */,
				B3F014BF1BCE1FD700DD33C7 /* UIApplication+JTSImageViewController.m in Sources */,
				B3CE9D7C1BCF769800A03A20 /* SwiftyJSON.swift in Sources */,
				B3B1206A1B96BC420020D13E /* MyLogInViewController.swift in Sources */,
				B3D2AA971BBDBE4C00E00776 /* LMDropdownView.m in Sources */,
				B375F7211BE16F260067E98B /* UserSettingsController.swift in Sources */,
				B38AF8EB1B3E325000AB19F7 /* QuestionsController.swift in Sources */,
				B37C10291AE9BE280086864F /* WishListController.swift in Sources */,
				B34150441BBCF1CD00385915 /* MySignupViewController.swift in Sources */,
				B3F0149B1BCD732B00DD33C7 /* Helper.swift in Sources */,
				B3C763431B0B9BE50040E794 /* MyItemDetailController.swift in Sources */,
				B34150401BBBA00800385915 /* UserEmailController.swift in Sources */,
				B3D2AA981BBDBE4C00E00776 /* UIImage+LMExtension.m in Sources */,
				B30A026F1B5EC4BE00E63437 /* MessageLabel.swift in Sources */,
				B3F215BE1BD95E3600B53F62 /* UserInfoController.swift in Sources */,
				B397913C1BD9828B0069DAF4 /* PTSMessagingCell.m in Sources */,
				B3F014BB1BCE1FD700DD33C7 /* JTSAnimatedGIFUtility.m in Sources */,
				B30E24951AF96BFA00ED49EB /* MainController.swift in Sources */,
				B374319E1AE861A600A0808B /* AppDelegate.swift in Sources */,
				B30E24911AF83B6C00ED49EB /* ItemsController.swift in Sources */,
				B34150421BBBA06400385915 /* UserPhoneController.swift in Sources */,
				B30E24971AF96C2200ED49EB /* ItemDetailController.swift in Sources */,
				B3B994301BD8040000A362ED /* ADVSegmentedControl.swift in Sources */,
				B37431A01AE861A600A0808B /* UserController.swift in Sources */,
			);
			runOnlyForDeploymentPostprocessing = 0;
		};
		B37431AB1AE861A600A0808B /* Sources */ = {
			isa = PBXSourcesBuildPhase;
			buildActionMask = 2147483647;
			files = (
			);
			runOnlyForDeploymentPostprocessing = 0;
		};
/* End PBXSourcesBuildPhase section */

/* Begin PBXTargetDependency section */
		B37431B11AE861A600A0808B /* PBXTargetDependency */ = {
			isa = PBXTargetDependency;
			target = B37431971AE861A600A0808B /* Brttr */;
			targetProxy = B37431B01AE861A600A0808B /* PBXContainerItemProxy */;
		};
/* End PBXTargetDependency section */

/* Begin PBXVariantGroup section */
		B37431A31AE861A600A0808B /* Main.storyboard */ = {
			isa = PBXVariantGroup;
			children = (
				B37431A41AE861A600A0808B /* Base */,
			);
			name = Main.storyboard;
			sourceTree = "<group>";
		};
		B37431A81AE861A600A0808B /* LaunchScreen.xib */ = {
			isa = PBXVariantGroup;
			children = (
				B37431A91AE861A600A0808B /* Base */,
			);
			name = LaunchScreen.xib;
			sourceTree = "<group>";
		};
/* End PBXVariantGroup section */

/* Begin XCBuildConfiguration section */
		B37431B71AE861A600A0808B /* Debug */ = {
			isa = XCBuildConfiguration;
			buildSettings = {
				ALWAYS_SEARCH_USER_PATHS = NO;
				CLANG_CXX_LANGUAGE_STANDARD = "gnu++0x";
				CLANG_CXX_LIBRARY = "libc++";
				CLANG_ENABLE_MODULES = YES;
				CLANG_ENABLE_OBJC_ARC = YES;
				CLANG_WARN_BOOL_CONVERSION = YES;
				CLANG_WARN_CONSTANT_CONVERSION = YES;
				CLANG_WARN_DIRECT_OBJC_ISA_USAGE = YES_ERROR;
				CLANG_WARN_EMPTY_BODY = YES;
				CLANG_WARN_ENUM_CONVERSION = YES;
				CLANG_WARN_INT_CONVERSION = YES;
				CLANG_WARN_OBJC_ROOT_CLASS = YES_ERROR;
				CLANG_WARN_UNREACHABLE_CODE = YES;
				CLANG_WARN__DUPLICATE_METHOD_MATCH = YES;
				CODE_SIGN_IDENTITY = "Mac Developer: Chin Jui Kuo (FC7C97FJWX)";
				"CODE_SIGN_IDENTITY[sdk=iphoneos*]" = "iPhone Developer";
				COPY_PHASE_STRIP = NO;
				DEBUG_INFORMATION_FORMAT = "dwarf-with-dsym";
				DEFINES_MODULE = YES;
				ENABLE_STRICT_OBJC_MSGSEND = YES;
				FRAMEWORK_SEARCH_PATHS = "";
				GCC_C_LANGUAGE_STANDARD = gnu99;
				GCC_DYNAMIC_NO_PIC = NO;
				GCC_NO_COMMON_BLOCKS = YES;
				GCC_OPTIMIZATION_LEVEL = 0;
				GCC_PREPROCESSOR_DEFINITIONS = (
					"DEBUG=1",
					"$(inherited)",
				);
				GCC_SYMBOLS_PRIVATE_EXTERN = NO;
				GCC_WARN_64_TO_32_BIT_CONVERSION = YES;
				GCC_WARN_ABOUT_RETURN_TYPE = YES_ERROR;
				GCC_WARN_UNDECLARED_SELECTOR = YES;
				GCC_WARN_UNINITIALIZED_AUTOS = YES_AGGRESSIVE;
				GCC_WARN_UNUSED_FUNCTION = YES;
				GCC_WARN_UNUSED_VARIABLE = YES;
				INSTALL_OWNER = $USER;
				IPHONEOS_DEPLOYMENT_TARGET = 8.3;
				MTL_ENABLE_DEBUG_INFO = YES;
				ONLY_ACTIVE_ARCH = YES;
				SDKROOT = iphoneos;
				SWIFT_OBJC_BRIDGING_HEADER = "ChangeIt-Bridging-Header.h";
				SWIFT_OPTIMIZATION_LEVEL = "-Onone";
				TARGETED_DEVICE_FAMILY = 1;
			};
			name = Debug;
		};
		B37431B81AE861A600A0808B /* Release */ = {
			isa = XCBuildConfiguration;
			buildSettings = {
				ALWAYS_SEARCH_USER_PATHS = NO;
				CLANG_CXX_LANGUAGE_STANDARD = "gnu++0x";
				CLANG_CXX_LIBRARY = "libc++";
				CLANG_ENABLE_MODULES = YES;
				CLANG_ENABLE_OBJC_ARC = YES;
				CLANG_WARN_BOOL_CONVERSION = YES;
				CLANG_WARN_CONSTANT_CONVERSION = YES;
				CLANG_WARN_DIRECT_OBJC_ISA_USAGE = YES_ERROR;
				CLANG_WARN_EMPTY_BODY = YES;
				CLANG_WARN_ENUM_CONVERSION = YES;
				CLANG_WARN_INT_CONVERSION = YES;
				CLANG_WARN_OBJC_ROOT_CLASS = YES_ERROR;
				CLANG_WARN_UNREACHABLE_CODE = YES;
				CLANG_WARN__DUPLICATE_METHOD_MATCH = YES;
				CODE_SIGN_IDENTITY = "Mac Developer: Chin Jui Kuo (FC7C97FJWX)";
				"CODE_SIGN_IDENTITY[sdk=iphoneos*]" = "iPhone Developer";
				COPY_PHASE_STRIP = NO;
				DEBUG_INFORMATION_FORMAT = "dwarf-with-dsym";
				DEFINES_MODULE = YES;
				ENABLE_NS_ASSERTIONS = NO;
				ENABLE_STRICT_OBJC_MSGSEND = YES;
				FRAMEWORK_SEARCH_PATHS = "";
				GCC_C_LANGUAGE_STANDARD = gnu99;
				GCC_NO_COMMON_BLOCKS = YES;
				GCC_WARN_64_TO_32_BIT_CONVERSION = YES;
				GCC_WARN_ABOUT_RETURN_TYPE = YES_ERROR;
				GCC_WARN_UNDECLARED_SELECTOR = YES;
				GCC_WARN_UNINITIALIZED_AUTOS = YES_AGGRESSIVE;
				GCC_WARN_UNUSED_FUNCTION = YES;
				GCC_WARN_UNUSED_VARIABLE = YES;
				INSTALL_OWNER = $USER;
				IPHONEOS_DEPLOYMENT_TARGET = 8.3;
				MTL_ENABLE_DEBUG_INFO = NO;
				SDKROOT = iphoneos;
				SWIFT_OBJC_BRIDGING_HEADER = "ChangeIt-Bridging-Header.h";
				VALIDATE_PRODUCT = YES;
			};
			name = Release;
		};
		B37431BA1AE861A600A0808B /* Debug */ = {
			isa = XCBuildConfiguration;
			buildSettings = {
				ASSETCATALOG_COMPILER_APPICON_NAME = AppIcon;
				CLANG_ENABLE_MODULES = YES;
				CODE_SIGN_IDENTITY = "iPhone Developer";
				"CODE_SIGN_IDENTITY[sdk=iphoneos*]" = "iPhone Developer";
				EMBEDDED_CONTENT_CONTAINS_SWIFT = YES;
				ENABLE_BITCODE = NO;
				FRAMEWORK_SEARCH_PATHS = (
					"$(inherited)",
					"$(PROJECT_DIR)",
					"$(PROJECT_DIR)/ChangeIt",
				);
				INFOPLIST_FILE = ChangeIt/Info.plist;
				IPHONEOS_DEPLOYMENT_TARGET = 8.3;
				LD_RUNPATH_SEARCH_PATHS = "$(inherited) @executable_path/Frameworks";
				LIBRARY_SEARCH_PATHS = (
					"$(inherited)",
					"$(PROJECT_DIR)",
				);
				PRODUCT_NAME = Brttr;
				PROVISIONING_PROFILE = "";
				SWIFT_OBJC_BRIDGING_HEADER = "ChangeIt-Bridging-Header.h";
				SWIFT_OPTIMIZATION_LEVEL = "-Onone";
				TARGETED_DEVICE_FAMILY = 1;
			};
			name = Debug;
		};
		B37431BB1AE861A600A0808B /* Release */ = {
			isa = XCBuildConfiguration;
			buildSettings = {
				ASSETCATALOG_COMPILER_APPICON_NAME = AppIcon;
				CLANG_ENABLE_MODULES = YES;
				CODE_SIGN_IDENTITY = "iPhone Developer";
				"CODE_SIGN_IDENTITY[sdk=iphoneos*]" = "iPhone Developer";
				EMBEDDED_CONTENT_CONTAINS_SWIFT = YES;
				ENABLE_BITCODE = NO;
				FRAMEWORK_SEARCH_PATHS = (
					"$(inherited)",
					"$(PROJECT_DIR)",
					"$(PROJECT_DIR)/ChangeIt",
				);
				INFOPLIST_FILE = ChangeIt/Info.plist;
				IPHONEOS_DEPLOYMENT_TARGET = 8.3;
				LD_RUNPATH_SEARCH_PATHS = "$(inherited) @executable_path/Frameworks";
				LIBRARY_SEARCH_PATHS = (
					"$(inherited)",
					"$(PROJECT_DIR)",
				);
				PRODUCT_NAME = Brttr;
				PROVISIONING_PROFILE = "";
				SWIFT_OBJC_BRIDGING_HEADER = "ChangeIt-Bridging-Header.h";
				TARGETED_DEVICE_FAMILY = 1;
			};
			name = Release;
		};
		B37431BD1AE861A600A0808B /* Debug */ = {
			isa = XCBuildConfiguration;
			buildSettings = {
				BUNDLE_LOADER = "$(TEST_HOST)";
				FRAMEWORK_SEARCH_PATHS = (
					"$(SDKROOT)/Developer/Library/Frameworks",
					"$(inherited)",
				);
				GCC_PREPROCESSOR_DEFINITIONS = (
					"DEBUG=1",
					"$(inherited)",
				);
				INFOPLIST_FILE = ChangeItTests/Info.plist;
				LD_RUNPATH_SEARCH_PATHS = "$(inherited) @executable_path/Frameworks @loader_path/Frameworks";
				PRODUCT_NAME = Brttr;
				TEST_HOST = "$(BUILT_PRODUCTS_DIR)/Brttr.app/Brttr";
			};
			name = Debug;
		};
		B37431BE1AE861A600A0808B /* Release */ = {
			isa = XCBuildConfiguration;
			buildSettings = {
				BUNDLE_LOADER = "$(TEST_HOST)";
				FRAMEWORK_SEARCH_PATHS = (
					"$(SDKROOT)/Developer/Library/Frameworks",
					"$(inherited)",
				);
				INFOPLIST_FILE = ChangeItTests/Info.plist;
				LD_RUNPATH_SEARCH_PATHS = "$(inherited) @executable_path/Frameworks @loader_path/Frameworks";
				PRODUCT_NAME = Brttr;
				TEST_HOST = "$(BUILT_PRODUCTS_DIR)/Brttr.app/Brttr";
			};
			name = Release;
		};
/* End XCBuildConfiguration section */

/* Begin XCConfigurationList section */
		B37431931AE861A600A0808B /* Build configuration list for PBXProject "Brttr" */ = {
			isa = XCConfigurationList;
			buildConfigurations = (
				B37431B71AE861A600A0808B /* Debug */,
				B37431B81AE861A600A0808B /* Release */,
			);
			defaultConfigurationIsVisible = 0;
			defaultConfigurationName = Release;
		};
		B37431B91AE861A600A0808B /* Build configuration list for PBXNativeTarget "Brttr" */ = {
			isa = XCConfigurationList;
			buildConfigurations = (
				B37431BA1AE861A600A0808B /* Debug */,
				B37431BB1AE861A600A0808B /* Release */,
			);
			defaultConfigurationIsVisible = 0;
			defaultConfigurationName = Release;
		};
		B37431BC1AE861A600A0808B /* Build configuration list for PBXNativeTarget "BrttrTests" */ = {
			isa = XCConfigurationList;
			buildConfigurations = (
				B37431BD1AE861A600A0808B /* Debug */,
				B37431BE1AE861A600A0808B /* Release */,
			);
			defaultConfigurationIsVisible = 0;
			defaultConfigurationName = Release;
		};
/* End XCConfigurationList section */
	};
	rootObject = B37431901AE861A600A0808B /* Project object */;
}
